
Microsoft Visual Studio Solution File, Format Version 12.00
# Visual Studio Version 17
VisualStudioVersion = 17.7.34202.233
MinimumVisualStudioVersion = 10.0.40219.1
Project("{9A19103F-16F7-4668-BE54-9A1E7A4F7556}") = "PageObjectSteps", "PageObjectSteps\PageObjectSteps.csproj", "{F1D2052E-D544-40AF-837A-F3F61FA351BC}"
EndProject
Project("{9A19103F-16F7-4668-BE54-9A1E7A4F7556}") = "PageObjectSimple", "PageObjectSimple\PageObjectSimple.csproj", "{9516D060-FCB4-4612-B920-AD747187CC27}"
EndProject
Global
	GlobalSection(SolutionConfigurationPlatforms) = preSolution
		Debug|Any CPU = Debug|Any CPU
		Release|Any CPU = Release|Any CPU
	EndGlobalSection
	GlobalSection(ProjectConfigurationPlatforms) = postSolution
		{F1D2052E-D544-40AF-837A-F3F61FA351BC}.Debug|Any CPU.ActiveCfg = Debug|Any CPU
		{F1D2052E-D544-40AF-837A-F3F61FA351BC}.Debug|Any CPU.Build.0 = Debug|Any CPU
		{F1D2052E-D544-40AF-837A-F3F61FA351BC}.Release|Any CPU.ActiveCfg = Release|Any CPU
		{F1D2052E-D544-40AF-837A-F3F61FA351BC}.Release|Any CPU.Build.0 = Release|Any CPU
		{9516D060-FCB4-4612-B920-AD747187CC27}.Debug|Any CPU.ActiveCfg = Debug|Any CPU
		{9516D060-FCB4-4612-B920-AD747187CC27}.Debug|Any CPU.Build.0 = Debug|Any CPU
		{9516D060-FCB4-4612-B920-AD747187CC27}.Release|Any CPU.ActiveCfg = Release|Any CPU
		{9516D060-FCB4-4612-B920-AD747187CC27}.Release|Any CPU.Build.0 = Release|Any CPU
	EndGlobalSection
	GlobalSection(SolutionProperties) = preSolution
		HideSolutionNode = FALSE
	EndGlobalSection
	GlobalSection(ExtensibilityGlobals) = postSolution
		SolutionGuid = {A5EF46B8-DCCA-4504-9E0C-8F5917530D79}
	EndGlobalSection
EndGlobal
